
Microsoft Visual Studio Solution File, Format Version 12.00
# Visual Studio Version 17
VisualStudioVersion = 17.14.37111.16 d17.14
MinimumVisualStudioVersion = 10.0.40219.1
Project("{FAE04EC0-301F-11D3-BF4B-00C04F79EFBC}") = "WebApplication1", "WebApplication1\WebApplication1.csproj", "{1DF87EC5-17D5-41E7-AFB1-15CC6FC7DEDB}"
EndProject
Global
	GlobalSection(SolutionConfigurationPlatforms) = preSolution
		Debug|Any CPU = Debug|Any CPU
		Release|Any CPU = Release|Any CPU
	EndGlobalSection
	GlobalSection(ProjectConfigurationPlatforms) = postSolution
		{1DF87EC5-17D5-41E7-AFB1-15CC6FC7DEDB}.Debug|Any CPU.ActiveCfg = Debug|Any CPU
		{1DF87EC5-17D5-41E7-AFB1-15CC6FC7DEDB}.Debug|Any CPU.Build.0 = Debug|Any CPU
		{1DF87EC5-17D5-41E7-AFB1-15CC6FC7DEDB}.Release|Any CPU.ActiveCfg = Release|Any CPU
		{1DF87EC5-17D5-41E7-AFB1-15CC6FC7DEDB}.Release|Any CPU.Build.0 = Release|Any CPU
	EndGlobalSection
	GlobalSection(SolutionProperties) = preSolution
		HideSolutionNode = FALSE
	EndGlobalSection
	GlobalSection(ExtensibilityGlobals) = postSolution
		SolutionGuid = {8DFB6011-C94A-4E8E-AD07-7BED160122D8}
	EndGlobalSection
EndGlobal
